// !$*UTF8*$!
{
	archiveVersion = 1;
	classes = {
	};
	objectVersion = 46;
	objects = {

/* Begin PBXBuildFile section */
		32B9A3501BBCFF2D00815528 /* AppDelegate.swift in Sources */ = {isa = PBXBuildFile; fileRef = 32B9A34F1BBCFF2D00815528 /* AppDelegate.swift */; };
		32B9A3521BBCFF2D00815528 /* ViewController.swift in Sources */ = {isa = PBXBuildFile; fileRef = 32B9A3511BBCFF2D00815528 /* ViewController.swift */; };
		32B9A3551BBCFF2D00815528 /* Main.storyboard in Resources */ = {isa = PBXBuildFile; fileRef = 32B9A3531BBCFF2D00815528 /* Main.storyboard */; };
		32B9A3571BBCFF2D00815528 /* Assets.xcassets in Resources */ = {isa = PBXBuildFile; fileRef = 32B9A3561BBCFF2D00815528 /* Assets.xcassets */; };
		32B9A35A1BBCFF2D00815528 /* LaunchScreen.storyboard in Resources */ = {isa = PBXBuildFile; fileRef = 32B9A3581BBCFF2D00815528 /* LaunchScreen.storyboard */; };
/* End PBXBuildFile section */

/* Begin PBXFileReference section */
		32B9A34C1BBCFF2D00815528 /* DrawSample.app */ = {isa = PBXFileReference; explicitFileType = wrapper.application; includeInIndex = 0; path = DrawSample.app; sourceTree = BUILT_PRODUCTS_DIR; };
		32B9A34F1BBCFF2D00815528 /* AppDelegate.swift */ = {isa = PBXFileReference; lastKnownFileType = sourcecode.swift; path = AppDelegate.swift; sourceTree = "<group>"; };
		32B9A3511BBCFF2D00815528 /* ViewController.swift */ = {isa = PBXFileReference; lastKnownFileType = sourcecode.swift; path = ViewController.swift; sourceTree = "<group>"; };
		32B9A3541BBCFF2D00815528 /* Base */ = {isa = PBXFileReference; lastKnownFileType = file.storyboard; name = Base; path = Base.lproj/Main.storyboard; sourceTree = "<group>"; };
		32B9A3561BBCFF2D00815528 /* Assets.xcassets */ = {isa = PBXFileReference; lastKnownFileType = folder.assetcatalog; path = Assets.xcassets; sourceTree = "<group>"; };
		32B9A3591BBCFF2D00815528 /* Base */ = {isa = PBXFileReference; lastKnownFileType = file.storyboard; name = Base; path = Base.lproj/LaunchScreen.storyboard; sourceTree = "<group>"; };
		32B9A35B1BBCFF2D00815528 /* Info.plist */ = {isa = PBXFileReference; lastKnownFileType = text.plist.xml; path = Info.plist; sourceTree = "<group>"; };
/* End PBXFileReference section */

/* Begin PBXFrameworksBuildPhase section */
		32B9A3491BBCFF2D00815528 /* Frameworks */ = {
			isa = PBXFrameworksBuildPhase;
			buildActionMask = 2147483647;
			files = (
			);
			runOnlyForDeploymentPostprocessing = 0;
		};
/* End PBXFrameworksBuildPhase section */

/* Begin PBXGroup section */
		32B9A3431BBCFF2D00815528 = {
			isa = PBXGroup;
			children = (
				32B9A34E1BBCFF2D00815528 /* DrawSample */,
				32B9A34D1BBCFF2D00815528 /* Products */,
			);
			sourceTree = "<group>";
		};
		32B9A34D1BBCFF2D00815528 /* Products */ = {
			isa = PBXGroup;
			children = (
				32B9A34C1BBCFF2D00815528 /* DrawSample.app */,
			);
			name = Products;
			sourceTree = "<group>";
		};
		32B9A34E1BBCFF2D00815528 /* DrawSample */ = {
			isa = PBXGroup;
			children = (
				32B9A34F1BBCFF2D00815528 /* AppDelegate.swift */,
				32B9A3511BBCFF2D00815528 /* ViewController.swift */,
				32B9A3531BBCFF2D00815528 /* Main.storyboard */,
				32B9A3561BBCFF2D00815528 /* Assets.xcassets */,
				32B9A3581BBCFF2D00815528 /* LaunchScreen.storyboard */,
				32B9A35B1BBCFF2D00815528 /* Info.plist */,
			);
			path = DrawSample;
			sourceTree = "<group>";
		};
/* End PBXGroup section */

/* Begin PBXNativeTarget section */
		32B9A34B1BBCFF2D00815528 /* DrawSample */ = {
			isa = PBXNativeTarget;
			buildConfigurationList = 32B9A35E1BBCFF2D00815528 /* Build configuration list for PBXNativeTarget "DrawSample" */;
			buildPhases = (
				32B9A3481BBCFF2D00815528 /* Sources */,
				32B9A3491BBCFF2D00815528 /* Frameworks */,
				32B9A34A1BBCFF2D00815528 /* Resources */,
			);
			buildRules = (
			);
			dependencies = (
			);
			name = DrawSample;
			productName = DrawSample;
			productReference = 32B9A34C1BBCFF2D00815528 /* DrawSample.app */;
			productType = "com.apple.product-type.application";
		};
/* End PBXNativeTarget section */

/* Begin PBXProject section */
		32B9A3441BBCFF2D00815528 /* Project object */ = {
			isa = PBXProject;
			attributes = {
				LastUpgradeCheck = 0700;
				ORGANIZATIONNAME = "TAMA PROJECT";
				TargetAttributes = {
					32B9A34B1BBCFF2D00815528 = {
						CreatedOnToolsVersion = 7.0.1;
					};
				};
			};
			buildConfigurationList = 32B9A3471BBCFF2D00815528 /* Build configuration list for PBXProject "DrawSample" */;
			compatibilityVersion = "Xcode 3.2";
			developmentRegion = English;
			hasScannedForEncodings = 0;
			knownRegions = (
				en,
				Base,
			);
			mainGroup = 32B9A3431BBCFF2D00815528;
			productRefGroup = 32B9A34D1BBCFF2D00815528 /* Products */;
			projectDirPath = "";
			projectRoot = "";
			targets = (
				32B9A34B1BBCFF2D00815528 /* DrawSample */,
			);
		};
/* End PBXProject section */

/* Begin PBXResourcesBuildPhase section */
		32B9A34A1BBCFF2D00815528 /* Resources */ = {
			isa = PBXResourcesBuildPhase;
			buildActionMask = 2147483647;
			files = (
				32B9A35A1BBCFF2D00815528 /* LaunchScreen.storyboard in Resources */,
				32B9A3571BBCFF2D00815528 /* Assets.xcassets in Resources */,
				32B9A3551BBCFF2D00815528 /* Main.storyboard in Resources */,
			);
			runOnlyForDeploymentPostprocessing = 0;
		};
/* End PBXResourcesBuildPhase section */

/* Begin PBXSourcesBuildPhase section */
		32B9A3481BBCFF2D00815528 /* Sources */ = {
			isa = PBXSourcesBuildPhase;
			buildActionMask = 2147483647;
			files = (
				32B9A3521BBCFF2D00815528 /* ViewController.swift in Sources */,
				32B9A3501BBCFF2D00815528 /* AppDelegate.swift in Sources */,
			);
			runOnlyForDeploymentPostprocessing = 0;
		};
/* End PBXSourcesBuildPhase section */

/* Begin PBXVariantGroup section */
		32B9A3531BBCFF2D00815528 /* Main.storyboard */ = {
			isa = PBXVariantGroup;
			children = (
				32B9A3541BBCFF2D00815528 /* Base */,
			);
			name = Main.storyboard;
			sourceTree = "<group>";
		};
		32B9A3581BBCFF2D00815528 /* LaunchScreen.storyboard */ = {
			isa = PBXVariantGroup;
			children = (
				32B9A3591BBCFF2D00815528 /* Base */,
			);
			name = LaunchScreen.storyboard;
			sourceTree = "<group>";
		};
/* End PBXVariantGroup section */

/* Begin XCBuildConfiguration section */
		32B9A35C1BBCFF2D00815528 /* Debug */ = {
			isa = XCBuildConfiguration;
			buildSettings = {
				ALWAYS_SEARCH_USER_PATHS = NO;
				CLANG_CXX_LANGUAGE_STANDARD = "gnu++0x";
				CLANG_CXX_LIBRARY = "libc++";
				CLANG_ENABLE_MODULES = YES;
				CLANG_ENABLE_OBJC_ARC = YES;
				CLANG_WARN_BOOL_CONVERSION = YES;
				CLANG_WARN_CONSTANT_CONVERSION = YES;
				CLANG_WARN_DIRECT_OBJC_ISA_USAGE = YES_ERROR;
				CLANG_WARN_EMPTY_BODY = YES;
				CLANG_WARN_ENUM_CONVERSION = YES;
				CLANG_WARN_INT_CONVERSION = YES;
				CLANG_WARN_OBJC_ROOT_CLASS = YES_ERROR;
				CLANG_WARN_UNREACHABLE_CODE = YES;
				CLANG_WARN__DUPLICATE_METHOD_MATCH = YES;
				"CODE_SIGN_IDENTITY[sdk=iphoneos*]" = "iPhone Developer";
				COPY_PHASE_STRIP = NO;
				DEBUG_INFORMATION_FORMAT = dwarf;
				ENABLE_STRICT_OBJC_MSGSEND = YES;
				ENABLE_TESTABILITY = YES;
				GCC_C_LANGUAGE_STANDARD = gnu99;
				GCC_DYNAMIC_NO_PIC = NO;
				GCC_NO_COMMON_BLOCKS = YES;
				GCC_OPTIMIZATION_LEVEL = 0;
				GCC_PREPROCESSOR_DEFINITIONS = (
					"DEBUG=1",
					"$(inherited)",
				);
				GCC_WARN_64_TO_32_BIT_CONVERSION = YES;
				GCC_WARN_ABOUT_RETURN_TYPE = YES_ERROR;
				GCC_WARN_UNDECLARED_SELECTOR = YES;
				GCC_WARN_UNINITIALIZED_AUTOS = YES_AGGRESSIVE;
				GCC_WARN_UNUSED_FUNCTION = YES;
				GCC_WARN_UNUSED_VARIABLE = YES;
				IPHONEOS_DEPLOYMENT_TARGET = 9.0;
				MTL_ENABLE_DEBUG_INFO = YES;
				ONLY_ACTIVE_ARCH = YES;
				SDKROOT = iphoneos;
				SWIFT_OPTIMIZATION_LEVEL = "-Onone";
				TARGETED_DEVICE_FAMILY = 2;
			};
			name = Debug;
		};
		32B9A35D1BBCFF2D00815528 /* Release */ = {
			isa = XCBuildConfiguration;
			buildSettings = {
				ALWAYS_SEARCH_USER_PATHS = NO;
				CLANG_CXX_LANGUAGE_STANDARD = "gnu++0x";
				CLANG_CXX_LIBRARY = "libc++";
				CLANG_ENABLE_MODULES = YES;
				CLANG_ENABLE_OBJC_ARC = YES;
				CLANG_WARN_BOOL_CONVERSION = YES;
				CLANG_WARN_CONSTANT_CONVERSION = YES;
				CLANG_WARN_DIRECT_OBJC_ISA_USAGE = YES_ERROR;
				CLANG_WARN_EMPTY_BODY = YES;
				CLANG_WARN_ENUM_CONVERSION = YES;
				CLANG_WARN_INT_CONVERSION = YES;
				CLANG_WARN_OBJC_ROOT_CLASS = YES_ERROR;
				CLANG_WARN_UNREACHABLE_CODE = YES;
				CLANG_WARN__DUPLICATE_METHOD_MATCH = YES;
				"CODE_SIGN_IDENTITY[sdk=iphoneos*]" = "iPhone Developer";
				COPY_PHASE_STRIP = NO;
				DEBUG_INFORMATION_FORMAT = "dwarf-with-dsym";
				ENABLE_NS_ASSERTIONS = NO;
				ENABLE_STRICT_OBJC_MSGSEND = YES;
				GCC_C_LANGUAGE_STANDARD = gnu99;
				GCC_NO_COMMON_BLOCKS = YES;
				GCC_WARN_64_TO_32_BIT_CONVERSION = YES;
				GCC_WARN_ABOUT_RETURN_TYPE = YES_ERROR;
				GCC_WARN_UNDECLARED_SELECTOR = YES;
				GCC_WARN_UNINITIALIZED_AUTOS = YES_AGGRESSIVE;
				GCC_WARN_UNUSED_FUNCTION = YES;
				GCC_WARN_UNUSED_VARIABLE = YES;
				IPHONEOS_DEPLOYMENT_TARGET = 9.0;
				MTL_ENABLE_DEBUG_INFO = NO;
				SDKROOT = iphoneos;
				TARGETED_DEVICE_FAMILY = 2;
				VALIDATE_PRODUCT = YES;
			};
			name = Release;
		};
		32B9A35F1BBCFF2D00815528 /* Debug */ = {
			isa = XCBuildConfiguration;
			buildSettings = {
				ASSETCATALOG_COMPILER_APPICON_NAME = AppIcon;
				INFOPLIST_FILE = DrawSample/Info.plist;
				LD_RUNPATH_SEARCH_PATHS = "$(inherited) @executable_path/Frameworks";
				PRODUCT_BUNDLE_IDENTIFIER = "jp.co.ast-net.DrawSample";
				PRODUCT_NAME = "$(TARGET_NAME)";
			};
			name = Debug;
		};
		32B9A3601BBCFF2D00815528 /* Release */ = {
			isa = XCBuildConfiguration;
			buildSettings = {
				ASSETCATALOG_COMPILER_APPICON_NAME = AppIcon;
				INFOPLIST_FILE = DrawSample/Info.plist;
				LD_RUNPATH_SEARCH_PATHS = "$(inherited) @executable_path/Frameworks";
				PRODUCT_BUNDLE_IDENTIFIER = "jp.co.ast-net.DrawSample";
				PRODUCT_NAME = "$(TARGET_NAME)";
			};
			name = Release;
		};
/* End XCBuildConfiguration section */

/* Begin XCConfigurationList section */
		32B9A3471BBCFF2D00815528 /* Build configuration list for PBXProject "DrawSample" */ = {
			isa = XCConfigurationList;
			buildConfigurations = (
				32B9A35C1BBCFF2D00815528 /* Debug */,
				32B9A35D1BBCFF2D00815528 /* Release */,
			);
			defaultConfigurationIsVisible = 0;
			defaultConfigurationName = Release;
		};
		32B9A35E1BBCFF2D00815528 /* Build configuration list for PBXNativeTarget "DrawSample" */ = {
			isa = XCConfigurationList;
			buildConfigurations = (
				32B9A35F1BBCFF2D00815528 /* Debug */,
				32B9A3601BBCFF2D00815528 /* Release */,
			);
			defaultConfigurationIsVisible = 0;
		};
/* End XCConfigurationList section */
	};
	rootObject = 32B9A3441BBCFF2D00815528 /* Project object */;
}
